
Microsoft Visual Studio Solution File, Format Version 12.00
# Visual Studio Version 17
VisualStudioVersion = 17.3.32929.385
MinimumVisualStudioVersion = 10.0.40219.1
Project("{FAE04EC0-301F-11D3-BF4B-00C04F79EFBC}") = "Storage", "Storage\Storage.csproj", "{AD9E22AC-F3B2-4245-A52A-D81C05698A9F}"
EndProject
Global
	GlobalSection(SolutionConfigurationPlatforms) = preSolution
		Debug|Any CPU = Debug|Any CPU
		Release|Any CPU = Release|Any CPU
	EndGlobalSection
	GlobalSection(ProjectConfigurationPlatforms) = postSolution
		{AD9E22AC-F3B2-4245-A52A-D81C05698A9F}.Debug|Any CPU.ActiveCfg = Debug|Any CPU
		{AD9E22AC-F3B2-4245-A52A-D81C05698A9F}.Debug|Any CPU.Build.0 = Debug|Any CPU
		{AD9E22AC-F3B2-4245-A52A-D81C05698A9F}.Release|Any CPU.ActiveCfg = Release|Any CPU
		{AD9E22AC-F3B2-4245-A52A-D81C05698A9F}.Release|Any CPU.Build.0 = Release|Any CPU
	EndGlobalSection
	GlobalSection(SolutionProperties) = preSolution
		HideSolutionNode = FALSE
	EndGlobalSection
	GlobalSection(ExtensibilityGlobals) = postSolution
		SolutionGuid = {2E186DBC-946A-4EBD-9C04-431918423D2B}
	EndGlobalSection
EndGlobal
